
Microsoft Visual Studio Solution File, Format Version 12.00
# Visual Studio Version 17
VisualStudioVersion = 17.3.32825.248
MinimumVisualStudioVersion = 10.0.40219.1
Project("{2150E333-8FDC-42A3-9474-1A3956D46DE8}") = "01. Clients", "01. Clients", "{392F7C2C-C1EE-43C4-B5F3-E5CADBCA743C}"
EndProject
Project("{2150E333-8FDC-42A3-9474-1A3956D46DE8}") = "02. Api.Gateways", "02. Api.Gateways", "{AAD323AC-91DF-4A60-B8FB-694E66EA30A3}"
EndProject
Project("{2150E333-8FDC-42A3-9474-1A3956D46DE8}") = "03. Services", "03. Services", "{34349841-8F3C-4C9B-B0B5-89926D880C40}"
EndProject
Project("{2150E333-8FDC-42A3-9474-1A3956D46DE8}") = "01. Identity", "01. Identity", "{06A01166-457B-4949-9C24-8A1C6F360639}"
EndProject
Project("{2150E333-8FDC-42A3-9474-1A3956D46DE8}") = "02. Catalog", "02. Catalog", "{83207E89-9788-4ECF-9A1E-6D8A2156D8F8}"
EndProject
Project("{2150E333-8FDC-42A3-9474-1A3956D46DE8}") = "03. Customer", "03. Customer", "{27722663-E3A8-4BDA-A133-AA427F61D9A0}"
EndProject
Project("{2150E333-8FDC-42A3-9474-1A3956D46DE8}") = "04. Order", "04. Order", "{6EAFF32E-7FEA-47DA-9BDA-3B0450D684C5}"
EndProject
Project("{FAE04EC0-301F-11D3-BF4B-00C04F79EFBC}") = "Catalog.Api", "src\Services\Catalog\Catalog.Api\Catalog.Api.csproj", "{B1751C0B-4A13-4AFA-99B4-3679EA55B3D4}"
EndProject
Project("{2150E333-8FDC-42A3-9474-1A3956D46DE8}") = "01. API", "01. API", "{3605AFBC-8250-4FA3-A28A-ECFF23896182}"
EndProject
Project("{2150E333-8FDC-42A3-9474-1A3956D46DE8}") = "02. Services", "02. Services", "{D0DA248F-9705-4FAA-A784-7B19A8E96D1C}"
EndProject
Project("{2150E333-8FDC-42A3-9474-1A3956D46DE8}") = "03. Persistence", "03. Persistence", "{44F8F25F-29DC-4C8F-A97C-A44FCED78A3E}"
EndProject
Project("{2150E333-8FDC-42A3-9474-1A3956D46DE8}") = "04. Models", "04. Models", "{4386065E-A4FB-4B17-B052-006520C12881}"
EndProject
Project("{FAE04EC0-301F-11D3-BF4B-00C04F79EFBC}") = "Catalog.Domain", "src\Services\Catalog\Catalog.Domain\Catalog.Domain.csproj", "{4EF0D085-EFBC-4245-AEA6-98A5B266CF48}"
EndProject
Project("{FAE04EC0-301F-11D3-BF4B-00C04F79EFBC}") = "Catalog.Persistence.Database", "src\Services\Catalog\Catalog.Persistence.Database\Catalog.Persistence.Database.csproj", "{CB79CA2B-7912-42C2-9636-0DF057C70551}"
EndProject
Project("{FAE04EC0-301F-11D3-BF4B-00C04F79EFBC}") = "Catalog.Services.Queries", "src\Services\Catalog\Catalog.Services.Queries\Catalog.Services.Queries.csproj", "{9B3AEF2C-4506-4D7F-8184-71A603501E82}"
EndProject
Project("{2150E333-8FDC-42A3-9474-1A3956D46DE8}") = "Common", "Common", "{F791CE03-7863-4BB5-8FA8-99EA21A492A1}"
EndProject
Project("{FAE04EC0-301F-11D3-BF4B-00C04F79EFBC}") = "Service.Common.Collection", "src\Services\Common\Service.Common.Collection\Service.Common.Collection.csproj", "{F6B9CC65-F078-4151-81C3-D40EFF30EE6E}"
EndProject
Project("{FAE04EC0-301F-11D3-BF4B-00C04F79EFBC}") = "Service.Common.Paging", "src\Services\Common\Service.Common.Paging\Service.Common.Paging.csproj", "{C57C09D3-FF78-41E5-9310-FCD4C9C2C2D9}"
EndProject
Project("{FAE04EC0-301F-11D3-BF4B-00C04F79EFBC}") = "Service.Common.Mapping", "src\Services\Common\Service.Common.Mapping\Service.Common.Mapping.csproj", "{BD617757-7063-4949-AFC5-ACDD911B103C}"
EndProject
Project("{FAE04EC0-301F-11D3-BF4B-00C04F79EFBC}") = "Catalog.Service.EventHandlers", "src\Services\Catalog\Catalog.Service.EventHandlers\Catalog.Service.EventHandlers.csproj", "{CA039FA7-D925-427E-8386-37CAAAADE5BC}"
EndProject
Project("{2150E333-8FDC-42A3-9474-1A3956D46DE8}") = "05. Common", "05. Common", "{BA7238DF-F0A9-474D-A09E-EEB6C881E6E7}"
EndProject
Project("{FAE04EC0-301F-11D3-BF4B-00C04F79EFBC}") = "Catalog.Common", "src\Services\Catalog\Catalog.Common\Catalog.Common.csproj", "{0CD94D91-F894-41AB-87A5-A137D39421F2}"
EndProject
Global
	GlobalSection(SolutionConfigurationPlatforms) = preSolution
		Debug|Any CPU = Debug|Any CPU
		Release|Any CPU = Release|Any CPU
	EndGlobalSection
	GlobalSection(ProjectConfigurationPlatforms) = postSolution
		{B1751C0B-4A13-4AFA-99B4-3679EA55B3D4}.Debug|Any CPU.ActiveCfg = Debug|Any CPU
		{B1751C0B-4A13-4AFA-99B4-3679EA55B3D4}.Debug|Any CPU.Build.0 = Debug|Any CPU
		{B1751C0B-4A13-4AFA-99B4-3679EA55B3D4}.Release|Any CPU.ActiveCfg = Release|Any CPU
		{B1751C0B-4A13-4AFA-99B4-3679EA55B3D4}.Release|Any CPU.Build.0 = Release|Any CPU
		{4EF0D085-EFBC-4245-AEA6-98A5B266CF48}.Debug|Any CPU.ActiveCfg = Debug|Any CPU
		{4EF0D085-EFBC-4245-AEA6-98A5B266CF48}.Debug|Any CPU.Build.0 = Debug|Any CPU
		{4EF0D085-EFBC-4245-AEA6-98A5B266CF48}.Release|Any CPU.ActiveCfg = Release|Any CPU
		{4EF0D085-EFBC-4245-AEA6-98A5B266CF48}.Release|Any CPU.Build.0 = Release|Any CPU
		{CB79CA2B-7912-42C2-9636-0DF057C70551}.Debug|Any CPU.ActiveCfg = Debug|Any CPU
		{CB79CA2B-7912-42C2-9636-0DF057C70551}.Debug|Any CPU.Build.0 = Debug|Any CPU
		{CB79CA2B-7912-42C2-9636-0DF057C70551}.Release|Any CPU.ActiveCfg = Release|Any CPU
		{CB79CA2B-7912-42C2-9636-0DF057C70551}.Release|Any CPU.Build.0 = Release|Any CPU
		{9B3AEF2C-4506-4D7F-8184-71A603501E82}.Debug|Any CPU.ActiveCfg = Debug|Any CPU
		{9B3AEF2C-4506-4D7F-8184-71A603501E82}.Debug|Any CPU.Build.0 = Debug|Any CPU
		{9B3AEF2C-4506-4D7F-8184-71A603501E82}.Release|Any CPU.ActiveCfg = Release|Any CPU
		{9B3AEF2C-4506-4D7F-8184-71A603501E82}.Release|Any CPU.Build.0 = Release|Any CPU
		{F6B9CC65-F078-4151-81C3-D40EFF30EE6E}.Debug|Any CPU.ActiveCfg = Debug|Any CPU
		{F6B9CC65-F078-4151-81C3-D40EFF30EE6E}.Debug|Any CPU.Build.0 = Debug|Any CPU
		{F6B9CC65-F078-4151-81C3-D40EFF30EE6E}.Release|Any CPU.ActiveCfg = Release|Any CPU
		{F6B9CC65-F078-4151-81C3-D40EFF30EE6E}.Release|Any CPU.Build.0 = Release|Any CPU
		{C57C09D3-FF78-41E5-9310-FCD4C9C2C2D9}.Debug|Any CPU.ActiveCfg = Debug|Any CPU
		{C57C09D3-FF78-41E5-9310-FCD4C9C2C2D9}.Debug|Any CPU.Build.0 = Debug|Any CPU
		{C57C09D3-FF78-41E5-9310-FCD4C9C2C2D9}.Release|Any CPU.ActiveCfg = Release|Any CPU
		{C57C09D3-FF78-41E5-9310-FCD4C9C2C2D9}.Release|Any CPU.Build.0 = Release|Any CPU
		{BD617757-7063-4949-AFC5-ACDD911B103C}.Debug|Any CPU.ActiveCfg = Debug|Any CPU
		{BD617757-7063-4949-AFC5-ACDD911B103C}.Debug|Any CPU.Build.0 = Debug|Any CPU
		{BD617757-7063-4949-AFC5-ACDD911B103C}.Release|Any CPU.ActiveCfg = Release|Any CPU
		{BD617757-7063-4949-AFC5-ACDD911B103C}.Release|Any CPU.Build.0 = Release|Any CPU
		{CA039FA7-D925-427E-8386-37CAAAADE5BC}.Debug|Any CPU.ActiveCfg = Debug|Any CPU
		{CA039FA7-D925-427E-8386-37CAAAADE5BC}.Debug|Any CPU.Build.0 = Debug|Any CPU
		{CA039FA7-D925-427E-8386-37CAAAADE5BC}.Release|Any CPU.ActiveCfg = Release|Any CPU
		{CA039FA7-D925-427E-8386-37CAAAADE5BC}.Release|Any CPU.Build.0 = Release|Any CPU
		{0CD94D91-F894-41AB-87A5-A137D39421F2}.Debug|Any CPU.ActiveCfg = Debug|Any CPU
		{0CD94D91-F894-41AB-87A5-A137D39421F2}.Debug|Any CPU.Build.0 = Debug|Any CPU
		{0CD94D91-F894-41AB-87A5-A137D39421F2}.Release|Any CPU.ActiveCfg = Release|Any CPU
		{0CD94D91-F894-41AB-87A5-A137D39421F2}.Release|Any CPU.Build.0 = Release|Any CPU
	EndGlobalSection
	GlobalSection(SolutionProperties) = preSolution
		HideSolutionNode = FALSE
	EndGlobalSection
	GlobalSection(NestedProjects) = preSolution
		{06A01166-457B-4949-9C24-8A1C6F360639} = {34349841-8F3C-4C9B-B0B5-89926D880C40}
		{83207E89-9788-4ECF-9A1E-6D8A2156D8F8} = {34349841-8F3C-4C9B-B0B5-89926D880C40}
		{27722663-E3A8-4BDA-A133-AA427F61D9A0} = {34349841-8F3C-4C9B-B0B5-89926D880C40}
		{6EAFF32E-7FEA-47DA-9BDA-3B0450D684C5} = {34349841-8F3C-4C9B-B0B5-89926D880C40}
		{B1751C0B-4A13-4AFA-99B4-3679EA55B3D4} = {3605AFBC-8250-4FA3-A28A-ECFF23896182}
		{3605AFBC-8250-4FA3-A28A-ECFF23896182} = {83207E89-9788-4ECF-9A1E-6D8A2156D8F8}
		{D0DA248F-9705-4FAA-A784-7B19A8E96D1C} = {83207E89-9788-4ECF-9A1E-6D8A2156D8F8}
		{44F8F25F-29DC-4C8F-A97C-A44FCED78A3E} = {83207E89-9788-4ECF-9A1E-6D8A2156D8F8}
		{4386065E-A4FB-4B17-B052-006520C12881} = {83207E89-9788-4ECF-9A1E-6D8A2156D8F8}
		{4EF0D085-EFBC-4245-AEA6-98A5B266CF48} = {4386065E-A4FB-4B17-B052-006520C12881}
		{CB79CA2B-7912-42C2-9636-0DF057C70551} = {44F8F25F-29DC-4C8F-A97C-A44FCED78A3E}
		{9B3AEF2C-4506-4D7F-8184-71A603501E82} = {D0DA248F-9705-4FAA-A784-7B19A8E96D1C}
		{F791CE03-7863-4BB5-8FA8-99EA21A492A1} = {34349841-8F3C-4C9B-B0B5-89926D880C40}
		{F6B9CC65-F078-4151-81C3-D40EFF30EE6E} = {F791CE03-7863-4BB5-8FA8-99EA21A492A1}
		{C57C09D3-FF78-41E5-9310-FCD4C9C2C2D9} = {F791CE03-7863-4BB5-8FA8-99EA21A492A1}
		{BD617757-7063-4949-AFC5-ACDD911B103C} = {F791CE03-7863-4BB5-8FA8-99EA21A492A1}
		{CA039FA7-D925-427E-8386-37CAAAADE5BC} = {D0DA248F-9705-4FAA-A784-7B19A8E96D1C}
		{BA7238DF-F0A9-474D-A09E-EEB6C881E6E7} = {83207E89-9788-4ECF-9A1E-6D8A2156D8F8}
		{0CD94D91-F894-41AB-87A5-A137D39421F2} = {BA7238DF-F0A9-474D-A09E-EEB6C881E6E7}
	EndGlobalSection
	GlobalSection(ExtensibilityGlobals) = postSolution
		SolutionGuid = {AA62476B-52FB-437F-8024-D93CBC264ED0}
	EndGlobalSection
EndGlobal
